
Microsoft Visual Studio Solution File, Format Version 12.00
# Visual Studio Version 16
VisualStudioVersion = 16.0.30014.187
MinimumVisualStudioVersion = 10.0.40219.1
Project("{9A19103F-16F7-4668-BE54-9A1E7A4F7556}") = "LearnSomeAzure.Core", "LearnSomeAzure.Core\LearnSomeAzure.Core.csproj", "{00817E96-52A9-459D-8054-F8C189602FE4}"
EndProject
Project("{9A19103F-16F7-4668-BE54-9A1E7A4F7556}") = "LearnSomeAzure.UI", "LearnSomeAzure.UI\LearnSomeAzure.UI.csproj", "{798CF317-A371-4935-902C-1377681D8416}"
EndProject
Project("{9A19103F-16F7-4668-BE54-9A1E7A4F7556}") = "LearnSomeAzure.ServiceBus.Sender", "LearnSomeAzure.ServiceBus.Sender\LearnSomeAzure.ServiceBus.Sender.csproj", "{A636B75B-E3BA-4DCF-8ECB-DB22505F613B}"
EndProject
Project("{9A19103F-16F7-4668-BE54-9A1E7A4F7556}") = "LearnSomeAzure.ServiceBus.Receiver", "LearnSomeAzure.ServiceBus.Receiver\LearnSomeAzure.ServiceBus.Receiver.csproj", "{1962865C-28E7-4101-AF21-E0513EB716FE}"
EndProject
Project("{2150E333-8FDC-42A3-9474-1A3956D46DE8}") = "ServiceBus", "ServiceBus", "{C49A7B8E-B884-47D4-BA8C-457EFE5A2800}"
EndProject
Project("{9A19103F-16F7-4668-BE54-9A1E7A4F7556}") = "LearnSomeAzure.FunctionApp", "LearnSomeAzure.FunctionApp\LearnSomeAzure.FunctionApp.csproj", "{F1DE9D84-DE5C-4A84-8AD0-BF22B9D6429F}"
EndProject
Project("{2150E333-8FDC-42A3-9474-1A3956D46DE8}") = "CognitiveAI", "CognitiveAI", "{7D56F053-471D-409D-A247-9B86749B631E}"
EndProject
Project("{9A19103F-16F7-4668-BE54-9A1E7A4F7556}") = "CogAI.QuickStart", "CogAI.QuickStart\CogAI.QuickStart.csproj", "{2F7BF339-600D-44E5-BFF1-54CD49502AD8}"
EndProject
Project("{FAE04EC0-301F-11D3-BF4B-00C04F79EFBC}") = "CogAI.Web", "CogAI.Web\CogAI.Web.csproj", "{2A00D0DF-6DDD-453D-A357-844E11DF1B05}"
EndProject
Project("{FAE04EC0-301F-11D3-BF4B-00C04F79EFBC}") = "CogAi.MVC", "CogAi.MVC\CogAi.MVC.csproj", "{CE576BC9-2C3A-4DC8-BEBC-4D37322BD6C0}"
EndProject
Global
	GlobalSection(SolutionConfigurationPlatforms) = preSolution
		Debug|Any CPU = Debug|Any CPU
		Release|Any CPU = Release|Any CPU
	EndGlobalSection
	GlobalSection(ProjectConfigurationPlatforms) = postSolution
		{00817E96-52A9-459D-8054-F8C189602FE4}.Debug|Any CPU.ActiveCfg = Debug|Any CPU
		{00817E96-52A9-459D-8054-F8C189602FE4}.Debug|Any CPU.Build.0 = Debug|Any CPU
		{00817E96-52A9-459D-8054-F8C189602FE4}.Release|Any CPU.ActiveCfg = Release|Any CPU
		{00817E96-52A9-459D-8054-F8C189602FE4}.Release|Any CPU.Build.0 = Release|Any CPU
		{798CF317-A371-4935-902C-1377681D8416}.Debug|Any CPU.ActiveCfg = Debug|Any CPU
		{798CF317-A371-4935-902C-1377681D8416}.Debug|Any CPU.Build.0 = Debug|Any CPU
		{798CF317-A371-4935-902C-1377681D8416}.Release|Any CPU.ActiveCfg = Release|Any CPU
		{798CF317-A371-4935-902C-1377681D8416}.Release|Any CPU.Build.0 = Release|Any CPU
		{A636B75B-E3BA-4DCF-8ECB-DB22505F613B}.Debug|Any CPU.ActiveCfg = Debug|Any CPU
		{A636B75B-E3BA-4DCF-8ECB-DB22505F613B}.Debug|Any CPU.Build.0 = Debug|Any CPU
		{A636B75B-E3BA-4DCF-8ECB-DB22505F613B}.Release|Any CPU.ActiveCfg = Release|Any CPU
		{A636B75B-E3BA-4DCF-8ECB-DB22505F613B}.Release|Any CPU.Build.0 = Release|Any CPU
		{1962865C-28E7-4101-AF21-E0513EB716FE}.Debug|Any CPU.ActiveCfg = Debug|Any CPU
		{1962865C-28E7-4101-AF21-E0513EB716FE}.Debug|Any CPU.Build.0 = Debug|Any CPU
		{1962865C-28E7-4101-AF21-E0513EB716FE}.Release|Any CPU.ActiveCfg = Release|Any CPU
		{1962865C-28E7-4101-AF21-E0513EB716FE}.Release|Any CPU.Build.0 = Release|Any CPU
		{F1DE9D84-DE5C-4A84-8AD0-BF22B9D6429F}.Debug|Any CPU.ActiveCfg = Debug|Any CPU
		{F1DE9D84-DE5C-4A84-8AD0-BF22B9D6429F}.Debug|Any CPU.Build.0 = Debug|Any CPU
		{F1DE9D84-DE5C-4A84-8AD0-BF22B9D6429F}.Release|Any CPU.ActiveCfg = Release|Any CPU
		{F1DE9D84-DE5C-4A84-8AD0-BF22B9D6429F}.Release|Any CPU.Build.0 = Release|Any CPU
		{2F7BF339-600D-44E5-BFF1-54CD49502AD8}.Debug|Any CPU.ActiveCfg = Debug|Any CPU
		{2F7BF339-600D-44E5-BFF1-54CD49502AD8}.Debug|Any CPU.Build.0 = Debug|Any CPU
		{2F7BF339-600D-44E5-BFF1-54CD49502AD8}.Release|Any CPU.ActiveCfg = Release|Any CPU
		{2F7BF339-600D-44E5-BFF1-54CD49502AD8}.Release|Any CPU.Build.0 = Release|Any CPU
		{2A00D0DF-6DDD-453D-A357-844E11DF1B05}.Debug|Any CPU.ActiveCfg = Debug|Any CPU
		{2A00D0DF-6DDD-453D-A357-844E11DF1B05}.Debug|Any CPU.Build.0 = Debug|Any CPU
		{2A00D0DF-6DDD-453D-A357-844E11DF1B05}.Release|Any CPU.ActiveCfg = Release|Any CPU
		{2A00D0DF-6DDD-453D-A357-844E11DF1B05}.Release|Any CPU.Build.0 = Release|Any CPU
		{CE576BC9-2C3A-4DC8-BEBC-4D37322BD6C0}.Debug|Any CPU.ActiveCfg = Debug|Any CPU
		{CE576BC9-2C3A-4DC8-BEBC-4D37322BD6C0}.Debug|Any CPU.Build.0 = Debug|Any CPU
		{CE576BC9-2C3A-4DC8-BEBC-4D37322BD6C0}.Release|Any CPU.ActiveCfg = Release|Any CPU
		{CE576BC9-2C3A-4DC8-BEBC-4D37322BD6C0}.Release|Any CPU.Build.0 = Release|Any CPU
	EndGlobalSection
	GlobalSection(SolutionProperties) = preSolution
		HideSolutionNode = FALSE
	EndGlobalSection
	GlobalSection(NestedProjects) = preSolution
		{A636B75B-E3BA-4DCF-8ECB-DB22505F613B} = {C49A7B8E-B884-47D4-BA8C-457EFE5A2800}
		{1962865C-28E7-4101-AF21-E0513EB716FE} = {C49A7B8E-B884-47D4-BA8C-457EFE5A2800}
		{2F7BF339-600D-44E5-BFF1-54CD49502AD8} = {7D56F053-471D-409D-A247-9B86749B631E}
		{2A00D0DF-6DDD-453D-A357-844E11DF1B05} = {7D56F053-471D-409D-A247-9B86749B631E}
		{CE576BC9-2C3A-4DC8-BEBC-4D37322BD6C0} = {7D56F053-471D-409D-A247-9B86749B631E}
	EndGlobalSection
	GlobalSection(ExtensibilityGlobals) = postSolution
		SolutionGuid = {F6F85FB9-DECE-4BB7-ACD7-4C029536B94F}
	EndGlobalSection
EndGlobal
